<?xml version="1.0" encoding="UTF-8"?>
<CodeBlocks_project_file>
	<FileVersion major="1" minor="6"/>
	<Project>
		<Option title="humanGame"/>
		<Option makefile_is_custom="1"/>
		<Option compiler="gcc"/>
		<Option virtualFolders="CMake Files\;CMake Files\src\;CMake Files\..\;CMake Files\..\..\;CMake Files\..\..\..\;CMake Files\..\..\..\..\;CMake Files\..\..\..\..\..\;CMake Files\..\..\..\..\..\..\;CMake Files\..\..\..\..\..\..\..\;CMake Files\..\..\..\..\..\..\..\opt\;CMake Files\..\..\..\..\..\..\..\opt\robocomp\;CMake Files\..\..\..\..\..\..\..\opt\robocomp\cmake\;CMake Files\..\..\..\..\..\..\..\opt\robocomp\cmake\modules\;CMake Files\..\..\..\..\..\..\..\usr\;CMake Files\..\..\..\..\..\..\..\usr\lib\;CMake Files\..\..\..\..\..\..\..\usr\lib\x86_64-linux-gnu\;CMake Files\..\..\..\..\..\..\..\usr\lib\x86_64-linux-gnu\cmake\;CMake Files\..\..\..\..\..\..\..\usr\lib\x86_64-linux-gnu\cmake\Qt5\;CMake Files\..\..\..\..\..\..\..\usr\lib\x86_64-linux-gnu\cmake\Qt5Core\;CMake Files\..\..\..\..\..\..\..\usr\lib\x86_64-linux-gnu\cmake\Qt5Gui\;CMake Files\..\..\..\..\..\..\..\usr\lib\x86_64-linux-gnu\cmake\Qt5Widgets\;CMake Files\..\..\..\..\..\..\..\usr\lib\x86_64-linux-gnu\cmake\Qt5Sql\;CMake Files\..\..\..\..\..\..\..\usr\lib\x86_64-linux-gnu\cmake\Qt5OpenGL\;CMake Files\..\..\..\..\..\..\..\usr\lib\x86_64-linux-gnu\cmake\Qt5Xml\;CMake Files\..\..\..\..\..\..\..\usr\lib\x86_64-linux-gnu\cmake\Qt5XmlPatterns\;CMake Files\..\..\..\..\..\..\..\usr\lib\x86_64-linux-gnu\cmake\Qt5Network\;"/>
		<Build>
			<Target title="all">
				<Option working_dir="/home/robolab/robocomp/components/human-detection/components/humanGame/src"/>
				<Option type="4"/>
				<MakeCommands>
					<Build command="/usr/bin/make -f &quot;/home/robolab/robocomp/components/human-detection/components/humanGame/src/Makefile&quot;  VERBOSE=1 all"/>
					<CompileFile command="/usr/bin/make -f &quot;/home/robolab/robocomp/components/human-detection/components/humanGame/src/Makefile&quot;  VERBOSE=1 &quot;$file&quot;"/>
					<Clean command="/usr/bin/make -f &quot;/home/robolab/robocomp/components/human-detection/components/humanGame/src/Makefile&quot;  VERBOSE=1 clean"/>
					<DistClean command="/usr/bin/make -f &quot;/home/robolab/robocomp/components/human-detection/components/humanGame/src/Makefile&quot;  VERBOSE=1 clean"/>
				</MakeCommands>
			</Target>
			<Target title="humanGame">
				<Option output="/home/robolab/robocomp/components/human-detection/components/humanGame/bin/humanGame" prefix_auto="0" extension_auto="0"/>
				<Option working_dir="/home/robolab/robocomp/components/human-detection/components/humanGame/bin"/>
				<Option object_output="./"/>
				<Option type="1"/>
				<Option compiler="gcc"/>
				<Compiler>
					<Add option="-DQT_GUI_LIB"/>
					<Add option="-DQT_CORE_LIB"/>
					<Add option="-DQT_WIDGETS_LIB"/>
					<Add option="-DQT_SQL_LIB"/>
					<Add option="-DQT_OPENGL_LIB"/>
					<Add option="-DQT_XML_LIB"/>
					<Add option="-DQT_XMLPATTERNS_LIB"/>
					<Add option="-DQT_NETWORK_LIB"/>
					<Add directory="/home/robolab/robocomp/components/human-detection/components/humanGame/src/humanGame_autogen/include"/>
					<Add directory="/home/robolab/robocomp/components/human-detection/components/humanGame/src"/>
					<Add directory="/home/robolab/robocomp/components/human-detection/components/humanGame/src/."/>
					<Add directory="/opt/robocomp/include"/>
					<Add directory="/classes"/>
					<Add directory="/home/robolab/robocomp/components/human-detection/components/humanGame"/>
					<Add directory="/opt/robocomp/classes"/>
					<Add directory="/opt/robocomp/libs"/>
					<Add directory="/opt/robocomp/interfaces"/>
					<Add directory="/include"/>
					<Add directory="/usr/include/x86_64-linux-gnu/qt5"/>
					<Add directory="/usr/include/x86_64-linux-gnu/qt5/QtGui"/>
					<Add directory="/usr/include/x86_64-linux-gnu/qt5/QtCore"/>
					<Add directory="/usr/lib/x86_64-linux-gnu/qt5/mkspecs/linux-g++"/>
					<Add directory="/usr/include/x86_64-linux-gnu/qt5/QtWidgets"/>
					<Add directory="/usr/include/x86_64-linux-gnu/qt5/QtSql"/>
					<Add directory="/usr/include/x86_64-linux-gnu/qt5/QtOpenGL"/>
					<Add directory="/usr/include/x86_64-linux-gnu/qt5/QtXml"/>
					<Add directory="/usr/include/x86_64-linux-gnu/qt5/QtXmlPatterns"/>
					<Add directory="/usr/include/x86_64-linux-gnu/qt5/QtNetwork"/>
				</Compiler>
				<MakeCommands>
					<Build command="/usr/bin/make -f &quot;/home/robolab/robocomp/components/human-detection/components/humanGame/src/Makefile&quot;  VERBOSE=1 humanGame"/>
					<CompileFile command="/usr/bin/make -f &quot;/home/robolab/robocomp/components/human-detection/components/humanGame/src/Makefile&quot;  VERBOSE=1 &quot;$file&quot;"/>
					<Clean command="/usr/bin/make -f &quot;/home/robolab/robocomp/components/human-detection/components/humanGame/src/Makefile&quot;  VERBOSE=1 clean"/>
					<DistClean command="/usr/bin/make -f &quot;/home/robolab/robocomp/components/human-detection/components/humanGame/src/Makefile&quot;  VERBOSE=1 clean"/>
				</MakeCommands>
			</Target>
			<Target title="humanGame/fast">
				<Option output="/home/robolab/robocomp/components/human-detection/components/humanGame/bin/humanGame" prefix_auto="0" extension_auto="0"/>
				<Option working_dir="/home/robolab/robocomp/components/human-detection/components/humanGame/bin"/>
				<Option object_output="./"/>
				<Option type="1"/>
				<Option compiler="gcc"/>
				<Compiler>
					<Add option="-DQT_GUI_LIB"/>
					<Add option="-DQT_CORE_LIB"/>
					<Add option="-DQT_WIDGETS_LIB"/>
					<Add option="-DQT_SQL_LIB"/>
					<Add option="-DQT_OPENGL_LIB"/>
					<Add option="-DQT_XML_LIB"/>
					<Add option="-DQT_XMLPATTERNS_LIB"/>
					<Add option="-DQT_NETWORK_LIB"/>
					<Add directory="/home/robolab/robocomp/components/human-detection/components/humanGame/src/humanGame_autogen/include"/>
					<Add directory="/home/robolab/robocomp/components/human-detection/components/humanGame/src"/>
					<Add directory="/home/robolab/robocomp/components/human-detection/components/humanGame/src/."/>
					<Add directory="/opt/robocomp/include"/>
					<Add directory="/classes"/>
					<Add directory="/home/robolab/robocomp/components/human-detection/components/humanGame"/>
					<Add directory="/opt/robocomp/classes"/>
					<Add directory="/opt/robocomp/libs"/>
					<Add directory="/opt/robocomp/interfaces"/>
					<Add directory="/include"/>
					<Add directory="/usr/include/x86_64-linux-gnu/qt5"/>
					<Add directory="/usr/include/x86_64-linux-gnu/qt5/QtGui"/>
					<Add directory="/usr/include/x86_64-linux-gnu/qt5/QtCore"/>
					<Add directory="/usr/lib/x86_64-linux-gnu/qt5/mkspecs/linux-g++"/>
					<Add directory="/usr/include/x86_64-linux-gnu/qt5/QtWidgets"/>
					<Add directory="/usr/include/x86_64-linux-gnu/qt5/QtSql"/>
					<Add directory="/usr/include/x86_64-linux-gnu/qt5/QtOpenGL"/>
					<Add directory="/usr/include/x86_64-linux-gnu/qt5/QtXml"/>
					<Add directory="/usr/include/x86_64-linux-gnu/qt5/QtXmlPatterns"/>
					<Add directory="/usr/include/x86_64-linux-gnu/qt5/QtNetwork"/>
				</Compiler>
				<MakeCommands>
					<Build command="/usr/bin/make -f &quot;/home/robolab/robocomp/components/human-detection/components/humanGame/src/Makefile&quot;  VERBOSE=1 humanGame/fast"/>
					<CompileFile command="/usr/bin/make -f &quot;/home/robolab/robocomp/components/human-detection/components/humanGame/src/Makefile&quot;  VERBOSE=1 &quot;$file&quot;"/>
					<Clean command="/usr/bin/make -f &quot;/home/robolab/robocomp/components/human-detection/components/humanGame/src/Makefile&quot;  VERBOSE=1 clean"/>
					<DistClean command="/usr/bin/make -f &quot;/home/robolab/robocomp/components/human-detection/components/humanGame/src/Makefile&quot;  VERBOSE=1 clean"/>
				</MakeCommands>
			</Target>
			<Target title="humanGame_autogen">
				<Option working_dir="/home/robolab/robocomp/components/human-detection/components/humanGame/src"/>
				<Option type="4"/>
				<MakeCommands>
					<Build command="/usr/bin/make -f &quot;/home/robolab/robocomp/components/human-detection/components/humanGame/src/Makefile&quot;  VERBOSE=1 humanGame_autogen"/>
					<CompileFile command="/usr/bin/make -f &quot;/home/robolab/robocomp/components/human-detection/components/humanGame/src/Makefile&quot;  VERBOSE=1 &quot;$file&quot;"/>
					<Clean command="/usr/bin/make -f &quot;/home/robolab/robocomp/components/human-detection/components/humanGame/src/Makefile&quot;  VERBOSE=1 clean"/>
					<DistClean command="/usr/bin/make -f &quot;/home/robolab/robocomp/components/human-detection/components/humanGame/src/Makefile&quot;  VERBOSE=1 clean"/>
				</MakeCommands>
			</Target>
		</Build>
		<Unit filename="/home/robolab/robocomp/components/human-detection/components/humanGame/src/CommonBehavior.cpp">
			<Option target="humanGame"/>
		</Unit>
		<Unit filename="/home/robolab/robocomp/components/human-detection/components/humanGame/src/CommonBehavior.cpp.rule">
			<Option target="humanGame"/>
		</Unit>
		<Unit filename="/home/robolab/robocomp/components/human-detection/components/humanGame/src/CommonBehavior.h">
			<Option target="humanGame"/>
		</Unit>
		<Unit filename="/home/robolab/robocomp/components/human-detection/components/humanGame/src/GenericBase.cpp">
			<Option target="humanGame"/>
		</Unit>
		<Unit filename="/home/robolab/robocomp/components/human-detection/components/humanGame/src/GenericBase.cpp.rule">
			<Option target="humanGame"/>
		</Unit>
		<Unit filename="/home/robolab/robocomp/components/human-detection/components/humanGame/src/HumanTracker.cpp">
			<Option target="humanGame"/>
		</Unit>
		<Unit filename="/home/robolab/robocomp/components/human-detection/components/humanGame/src/HumanTracker.cpp.rule">
			<Option target="humanGame"/>
		</Unit>
		<Unit filename="/home/robolab/robocomp/components/human-detection/components/humanGame/src/HumanTracker.h">
			<Option target="humanGame"/>
		</Unit>
		<Unit filename="/home/robolab/robocomp/components/human-detection/components/humanGame/src/JointMotor.cpp">
			<Option target="humanGame"/>
		</Unit>
		<Unit filename="/home/robolab/robocomp/components/human-detection/components/humanGame/src/JointMotor.cpp.rule">
			<Option target="humanGame"/>
		</Unit>
		<Unit filename="/home/robolab/robocomp/components/human-detection/components/humanGame/src/RGBD.cpp">
			<Option target="humanGame"/>
		</Unit>
		<Unit filename="/home/robolab/robocomp/components/human-detection/components/humanGame/src/RGBD.cpp.rule">
			<Option target="humanGame"/>
		</Unit>
		<Unit filename="/home/robolab/robocomp/components/human-detection/components/humanGame/src/commonbehaviorI.cpp">
			<Option target="humanGame"/>
		</Unit>
		<Unit filename="/home/robolab/robocomp/components/human-detection/components/humanGame/src/commonbehaviorI.h">
			<Option target="humanGame"/>
		</Unit>
		<Unit filename="/home/robolab/robocomp/components/human-detection/components/humanGame/src/genericmonitor.cpp">
			<Option target="humanGame"/>
		</Unit>
		<Unit filename="/home/robolab/robocomp/components/human-detection/components/humanGame/src/genericmonitor.h">
			<Option target="humanGame"/>
		</Unit>
		<Unit filename="/home/robolab/robocomp/components/human-detection/components/humanGame/src/genericworker.cpp">
			<Option target="humanGame"/>
		</Unit>
		<Unit filename="/home/robolab/robocomp/components/human-detection/components/humanGame/src/genericworker.h">
			<Option target="humanGame"/>
		</Unit>
		<Unit filename="/home/robolab/robocomp/components/human-detection/components/humanGame/src/humanGame_autogen/mocs_compilation.cpp">
			<Option target="humanGame"/>
		</Unit>
		<Unit filename="/home/robolab/robocomp/components/human-detection/components/humanGame/src/main.cpp">
			<Option target="humanGame"/>
		</Unit>
		<Unit filename="/home/robolab/robocomp/components/human-detection/components/humanGame/src/specificmonitor.cpp">
			<Option target="humanGame"/>
		</Unit>
		<Unit filename="/home/robolab/robocomp/components/human-detection/components/humanGame/src/specificmonitor.h">
			<Option target="humanGame"/>
		</Unit>
		<Unit filename="/home/robolab/robocomp/components/human-detection/components/humanGame/src/specificworker.cpp">
			<Option target="humanGame"/>
		</Unit>
		<Unit filename="/home/robolab/robocomp/components/human-detection/components/humanGame/src/specificworker.h">
			<Option target="humanGame"/>
		</Unit>
		<Unit filename="/opt/robocomp/classes/qlog/qlog.cpp">
			<Option target="humanGame"/>
		</Unit>
		<Unit filename="/opt/robocomp/classes/qlog/qlog.h">
			<Option target="humanGame"/>
		</Unit>
		<Unit filename="/opt/robocomp/classes/rapplication/rapplication.cpp">
			<Option target="humanGame"/>
		</Unit>
		<Unit filename="/opt/robocomp/classes/rapplication/rapplication.h">
			<Option target="humanGame"/>
		</Unit>
		<Unit filename="/opt/robocomp/classes/sigwatch/sigwatch.cpp">
			<Option target="humanGame"/>
		</Unit>
		<Unit filename="/opt/robocomp/classes/sigwatch/sigwatch.h">
			<Option target="humanGame"/>
		</Unit>
		<Unit filename="/home/robolab/robocomp/components/human-detection/components/humanGame/CMakeLists.txt">
			<Option virtualFolder="CMake Files\"/>
		</Unit>
		<Unit filename="/home/robolab/robocomp/components/human-detection/components/humanGame/src/CMakeLists.txt">
			<Option virtualFolder="CMake Files\src\"/>
		</Unit>
		<Unit filename="/home/robolab/robocomp/components/human-detection/components/humanGame/src/CMakeListsSpecific.txt">
			<Option virtualFolder="CMake Files\src\"/>
		</Unit>
		<Unit filename="/home/robolab/robocomp/components/human-detection/components/humanGame/../../../../../../../opt/robocomp/cmake/robocomp.cmake">
			<Option virtualFolder="CMake Files\..\..\..\..\..\..\..\opt\robocomp\cmake\"/>
		</Unit>
		<Unit filename="/home/robolab/robocomp/components/human-detection/components/humanGame/../../../../../../../opt/robocomp/cmake/modules/qt.cmake">
			<Option virtualFolder="CMake Files\..\..\..\..\..\..\..\opt\robocomp\cmake\modules\"/>
		</Unit>
		<Unit filename="/home/robolab/robocomp/components/human-detection/components/humanGame/../../../../../../../usr/lib/x86_64-linux-gnu/cmake/Qt5/Qt5Config.cmake">
			<Option virtualFolder="CMake Files\..\..\..\..\..\..\..\usr\lib\x86_64-linux-gnu\cmake\Qt5\"/>
		</Unit>
		<Unit filename="/home/robolab/robocomp/components/human-detection/components/humanGame/../../../../../../../usr/lib/x86_64-linux-gnu/cmake/Qt5/Qt5ConfigVersion.cmake">
			<Option virtualFolder="CMake Files\..\..\..\..\..\..\..\usr\lib\x86_64-linux-gnu\cmake\Qt5\"/>
		</Unit>
		<Unit filename="/home/robolab/robocomp/components/human-detection/components/humanGame/../../../../../../../usr/lib/x86_64-linux-gnu/cmake/Qt5/Qt5ModuleLocation.cmake">
			<Option virtualFolder="CMake Files\..\..\..\..\..\..\..\usr\lib\x86_64-linux-gnu\cmake\Qt5\"/>
		</Unit>
		<Unit filename="/home/robolab/robocomp/components/human-detection/components/humanGame/../../../../../../../usr/lib/x86_64-linux-gnu/cmake/Qt5Core/Qt5CoreConfig.cmake">
			<Option virtualFolder="CMake Files\..\..\..\..\..\..\..\usr\lib\x86_64-linux-gnu\cmake\Qt5Core\"/>
		</Unit>
		<Unit filename="/home/robolab/robocomp/components/human-detection/components/humanGame/../../../../../../../usr/lib/x86_64-linux-gnu/cmake/Qt5Core/Qt5CoreConfigExtras.cmake">
			<Option virtualFolder="CMake Files\..\..\..\..\..\..\..\usr\lib\x86_64-linux-gnu\cmake\Qt5Core\"/>
		</Unit>
		<Unit filename="/home/robolab/robocomp/components/human-detection/components/humanGame/../../../../../../../usr/lib/x86_64-linux-gnu/cmake/Qt5Core/Qt5CoreConfigExtrasMkspecDir.cmake">
			<Option virtualFolder="CMake Files\..\..\..\..\..\..\..\usr\lib\x86_64-linux-gnu\cmake\Qt5Core\"/>
		</Unit>
		<Unit filename="/home/robolab/robocomp/components/human-detection/components/humanGame/../../../../../../../usr/lib/x86_64-linux-gnu/cmake/Qt5Core/Qt5CoreConfigVersion.cmake">
			<Option virtualFolder="CMake Files\..\..\..\..\..\..\..\usr\lib\x86_64-linux-gnu\cmake\Qt5Core\"/>
		</Unit>
		<Unit filename="/home/robolab/robocomp/components/human-detection/components/humanGame/../../../../../../../usr/lib/x86_64-linux-gnu/cmake/Qt5Core/Qt5CoreMacros.cmake">
			<Option virtualFolder="CMake Files\..\..\..\..\..\..\..\usr\lib\x86_64-linux-gnu\cmake\Qt5Core\"/>
		</Unit>
		<Unit filename="/home/robolab/robocomp/components/human-detection/components/humanGame/../../../../../../../usr/lib/x86_64-linux-gnu/cmake/Qt5Gui/Qt5GuiConfig.cmake">
			<Option virtualFolder="CMake Files\..\..\..\..\..\..\..\usr\lib\x86_64-linux-gnu\cmake\Qt5Gui\"/>
		</Unit>
		<Unit filename="/home/robolab/robocomp/components/human-detection/components/humanGame/../../../../../../../usr/lib/x86_64-linux-gnu/cmake/Qt5Gui/Qt5GuiConfigExtras.cmake">
			<Option virtualFolder="CMake Files\..\..\..\..\..\..\..\usr\lib\x86_64-linux-gnu\cmake\Qt5Gui\"/>
		</Unit>
		<Unit filename="/home/robolab/robocomp/components/human-detection/components/humanGame/../../../../../../../usr/lib/x86_64-linux-gnu/cmake/Qt5Gui/Qt5GuiConfigVersion.cmake">
			<Option virtualFolder="CMake Files\..\..\..\..\..\..\..\usr\lib\x86_64-linux-gnu\cmake\Qt5Gui\"/>
		</Unit>
		<Unit filename="/home/robolab/robocomp/components/human-detection/components/humanGame/../../../../../../../usr/lib/x86_64-linux-gnu/cmake/Qt5Widgets/Qt5WidgetsConfig.cmake">
			<Option virtualFolder="CMake Files\..\..\..\..\..\..\..\usr\lib\x86_64-linux-gnu\cmake\Qt5Widgets\"/>
		</Unit>
		<Unit filename="/home/robolab/robocomp/components/human-detection/components/humanGame/../../../../../../../usr/lib/x86_64-linux-gnu/cmake/Qt5Widgets/Qt5WidgetsConfigExtras.cmake">
			<Option virtualFolder="CMake Files\..\..\..\..\..\..\..\usr\lib\x86_64-linux-gnu\cmake\Qt5Widgets\"/>
		</Unit>
		<Unit filename="/home/robolab/robocomp/components/human-detection/components/humanGame/../../../../../../../usr/lib/x86_64-linux-gnu/cmake/Qt5Widgets/Qt5WidgetsConfigVersion.cmake">
			<Option virtualFolder="CMake Files\..\..\..\..\..\..\..\usr\lib\x86_64-linux-gnu\cmake\Qt5Widgets\"/>
		</Unit>
		<Unit filename="/home/robolab/robocomp/components/human-detection/components/humanGame/../../../../../../../usr/lib/x86_64-linux-gnu/cmake/Qt5Widgets/Qt5WidgetsMacros.cmake">
			<Option virtualFolder="CMake Files\..\..\..\..\..\..\..\usr\lib\x86_64-linux-gnu\cmake\Qt5Widgets\"/>
		</Unit>
		<Unit filename="/home/robolab/robocomp/components/human-detection/components/humanGame/../../../../../../../usr/lib/x86_64-linux-gnu/cmake/Qt5Sql/Qt5SqlConfig.cmake">
			<Option virtualFolder="CMake Files\..\..\..\..\..\..\..\usr\lib\x86_64-linux-gnu\cmake\Qt5Sql\"/>
		</Unit>
		<Unit filename="/home/robolab/robocomp/components/human-detection/components/humanGame/../../../../../../../usr/lib/x86_64-linux-gnu/cmake/Qt5Sql/Qt5SqlConfigVersion.cmake">
			<Option virtualFolder="CMake Files\..\..\..\..\..\..\..\usr\lib\x86_64-linux-gnu\cmake\Qt5Sql\"/>
		</Unit>
		<Unit filename="/home/robolab/robocomp/components/human-detection/components/humanGame/../../../../../../../usr/lib/x86_64-linux-gnu/cmake/Qt5OpenGL/Qt5OpenGLConfig.cmake">
			<Option virtualFolder="CMake Files\..\..\..\..\..\..\..\usr\lib\x86_64-linux-gnu\cmake\Qt5OpenGL\"/>
		</Unit>
		<Unit filename="/home/robolab/robocomp/components/human-detection/components/humanGame/../../../../../../../usr/lib/x86_64-linux-gnu/cmake/Qt5OpenGL/Qt5OpenGLConfigVersion.cmake">
			<Option virtualFolder="CMake Files\..\..\..\..\..\..\..\usr\lib\x86_64-linux-gnu\cmake\Qt5OpenGL\"/>
		</Unit>
		<Unit filename="/home/robolab/robocomp/components/human-detection/components/humanGame/../../../../../../../usr/lib/x86_64-linux-gnu/cmake/Qt5Xml/Qt5XmlConfig.cmake">
			<Option virtualFolder="CMake Files\..\..\..\..\..\..\..\usr\lib\x86_64-linux-gnu\cmake\Qt5Xml\"/>
		</Unit>
		<Unit filename="/home/robolab/robocomp/components/human-detection/components/humanGame/../../../../../../../usr/lib/x86_64-linux-gnu/cmake/Qt5Xml/Qt5XmlConfigVersion.cmake">
			<Option virtualFolder="CMake Files\..\..\..\..\..\..\..\usr\lib\x86_64-linux-gnu\cmake\Qt5Xml\"/>
		</Unit>
		<Unit filename="/home/robolab/robocomp/components/human-detection/components/humanGame/../../../../../../../usr/lib/x86_64-linux-gnu/cmake/Qt5XmlPatterns/Qt5XmlPatternsConfig.cmake">
			<Option virtualFolder="CMake Files\..\..\..\..\..\..\..\usr\lib\x86_64-linux-gnu\cmake\Qt5XmlPatterns\"/>
		</Unit>
		<Unit filename="/home/robolab/robocomp/components/human-detection/components/humanGame/../../../../../../../usr/lib/x86_64-linux-gnu/cmake/Qt5XmlPatterns/Qt5XmlPatternsConfigVersion.cmake">
			<Option virtualFolder="CMake Files\..\..\..\..\..\..\..\usr\lib\x86_64-linux-gnu\cmake\Qt5XmlPatterns\"/>
		</Unit>
		<Unit filename="/home/robolab/robocomp/components/human-detection/components/humanGame/../../../../../../../usr/lib/x86_64-linux-gnu/cmake/Qt5Network/Qt5NetworkConfig.cmake">
			<Option virtualFolder="CMake Files\..\..\..\..\..\..\..\usr\lib\x86_64-linux-gnu\cmake\Qt5Network\"/>
		</Unit>
		<Unit filename="/home/robolab/robocomp/components/human-detection/components/humanGame/../../../../../../../usr/lib/x86_64-linux-gnu/cmake/Qt5Network/Qt5NetworkConfigVersion.cmake">
			<Option virtualFolder="CMake Files\..\..\..\..\..\..\..\usr\lib\x86_64-linux-gnu\cmake\Qt5Network\"/>
		</Unit>
	</Project>
</CodeBlocks_project_file>
